version = 1
revision = 3
requires-python = ">=3.10"
resolution-markers = [
    "python_full_version >= '3.12'",
    "python_full_version == '3.11.*'",
    "python_full_version < '3.11'",
]

[[package]]
name = "cuda-bindings"
version = "12.9.4"
source = { registry = "https://download.pytorch.org/whl/nightly/cu129" }
dependencies = [
    { name = "cuda-pathfinder" },
]
wheels = [
    { url = "https://download.pytorch.org/whl/nightly/cu129/cuda_bindings-12.9.4-cp310-cp310-manylinux_2_24_aarch64.manylinux_2_28_aarch64.whl" },
    { url = "https://download.pytorch.org/whl/nightly/cu129/cuda_bindings-12.9.4-cp310-cp310-manylinux_2_24_x86_64.manylinux_2_28_x86_64.whl" },
    { url = "https://download.pytorch.org/whl/nightly/cu129/cuda_bindings-12.9.4-cp311-cp311-manylinux_2_24_aarch64.manylinux_2_28_aarch64.whl" },
    { url = "https://download.pytorch.org/whl/nightly/cu129/cuda_bindings-12.9.4-cp311-cp311-manylinux_2_24_x86_64.manylinux_2_28_x86_64.whl" },
    { url = "https://download.pytorch.org/whl/nightly/cu129/cuda_bindings-12.9.4-cp312-cp312-manylinux_2_24_aarch64.manylinux_2_28_aarch64.whl" },
    { url = "https://download.pytorch.org/whl/nightly/cu129/cuda_bindings-12.9.4-cp312-cp312-manylinux_2_24_x86_64.manylinux_2_28_x86_64.whl" },
    { url = "https://download.pytorch.org/whl/nightly/cu129/cuda_bindings-12.9.4-cp313-cp313-manylinux_2_24_aarch64.manylinux_2_28_aarch64.whl" },
    { url = "https://download.pytorch.org/whl/nightly/cu129/cuda_bindings-12.9.4-cp313-cp313-manylinux_2_24_x86_64.manylinux_2_28_x86_64.whl" },
    { url = "https://download.pytorch.org/whl/nightly/cu129/cuda_bindings-12.9.4-cp313-cp313t-manylinux_2_24_aarch64.manylinux_2_28_aarch64.whl" },
    { url = "https://download.pytorch.org/whl/nightly/cu129/cuda_bindings-12.9.4-cp313-cp313t-manylinux_2_24_x86_64.manylinux_2_28_x86_64.whl" },
    { url = "https://download.pytorch.org/whl/nightly/cu129/cuda_bindings-12.9.4-cp314-cp314-manylinux_2_24_aarch64.manylinux_2_28_aarch64.whl" },
    { url = "https://download.pytorch.org/whl/nightly/cu129/cuda_bindings-12.9.4-cp314-cp314-manylinux_2_24_x86_64.manylinux_2_28_x86_64.whl" },
    { url = "https://download.pytorch.org/whl/nightly/cu129/cuda_bindings-12.9.4-cp314-cp314t-manylinux_2_24_aarch64.manylinux_2_28_aarch64.whl" },
    { url = "https://download.pytorch.org/whl/nightly/cu129/cuda_bindings-12.9.4-cp314-cp314t-manylinux_2_24_x86_64.manylinux_2_28_x86_64.whl" },
]

[[package]]
name = "cuda-pathfinder"
version = "1.2.2"
source = { registry = "https://download.pytorch.org/whl/nightly/cu129" }
wheels = [
    { url = "https://download.pytorch.org/whl/nightly/cuda_pathfinder-1.2.2-py3-none-any.whl" },
]

[[package]]
name = "filelock"
version = "3.20.0"
source = { registry = "https://download.pytorch.org/whl/nightly/cu129" }
sdist = { url = "https://files.pythonhosted.org/packages/58/46/0028a82567109b5ef6e4d2a1f04a583fb513e6cf9527fcdd09afd817deeb/filelock-3.20.0.tar.gz", hash = "sha256:711e943b4ec6be42e1d4e6690b48dc175c822967466bb31c0c293f34334c13f4" }
wheels = [
    { url = "https://files.pythonhosted.org/packages/76/91/7216b27286936c16f5b4d0c530087e4a54eead683e6b0b73dd0c64844af6/filelock-3.20.0-py3-none-any.whl", hash = "sha256:339b4732ffda5cd79b13f4e2711a31b0365ce445d95d243bb996273d072546a2" },
]

[[package]]
name = "fsspec"
version = "2025.12.0"
source = { registry = "https://download.pytorch.org/whl/nightly/cu129" }
sdist = { url = "https://files.pythonhosted.org/packages/b6/27/954057b0d1f53f086f681755207dda6de6c660ce133c829158e8e8fe7895/fsspec-2025.12.0.tar.gz", hash = "sha256:c505de011584597b1060ff778bb664c1bc022e87921b0e4f10cc9c44f9635973" }
wheels = [
    { url = "https://files.pythonhosted.org/packages/51/c7/b64cae5dba3a1b138d7123ec36bb5ccd39d39939f18454407e5468f4763f/fsspec-2025.12.0-py3-none-any.whl", hash = "sha256:8bf1fe301b7d8acfa6e8571e3b1c3d158f909666642431cc78a1b7b4dbc5ec5b" },
]

[[package]]
name = "jinja2"
version = "3.1.6"
source = { registry = "https://download.pytorch.org/whl/nightly/cu129" }
dependencies = [
    { name = "markupsafe" },
]
wheels = [
    { url = "https://download.pytorch.org/whl/nightly/jinja2-3.1.6-py3-none-any.whl" },
]

[[package]]
name = "markupsafe"
version = "3.0.2"
source = { registry = "https://download.pytorch.org/whl/nightly/cu129" }
wheels = [
    { url = "https://download.pytorch.org/whl/nightly/MarkupSafe-3.0.2-cp310-cp310-macosx_10_9_universal2.whl" },
    { url = "https://download.pytorch.org/whl/nightly/MarkupSafe-3.0.2-cp310-cp310-macosx_11_0_arm64.whl" },
    { url = "https://download.pytorch.org/whl/nightly/MarkupSafe-3.0.2-cp310-cp310-manylinux_2_17_aarch64.manylinux2014_aarch64.whl" },
    { url = "https://download.pytorch.org/whl/nightly/MarkupSafe-3.0.2-cp310-cp310-manylinux_2_17_x86_64.manylinux2014_x86_64.whl" },
    { url = "https://download.pytorch.org/whl/nightly/MarkupSafe-3.0.2-cp310-cp310-manylinux_2_5_i686.manylinux1_i686.manylinux_2_17_i686.manylinux2014_i686.whl" },
    { url = "https://download.pytorch.org/whl/nightly/MarkupSafe-3.0.2-cp310-cp310-win_amd64.whl" },
    { url = "https://download.pytorch.org/whl/nightly/MarkupSafe-3.0.2-cp311-cp311-macosx_10_9_universal2.whl" },
    { url = "https://download.pytorch.org/whl/nightly/MarkupSafe-3.0.2-cp311-cp311-macosx_11_0_arm64.whl" },
    { url = "https://download.pytorch.org/whl/nightly/MarkupSafe-3.0.2-cp311-cp311-manylinux_2_17_aarch64.manylinux2014_aarch64.whl" },
    { url = "https://download.pytorch.org/whl/nightly/MarkupSafe-3.0.2-cp311-cp311-manylinux_2_17_x86_64.manylinux2014_x86_64.whl" },
    { url = "https://download.pytorch.org/whl/nightly/MarkupSafe-3.0.2-cp311-cp311-manylinux_2_5_i686.manylinux1_i686.manylinux_2_17_i686.manylinux2014_i686.whl" },
    { url = "https://download.pytorch.org/whl/nightly/MarkupSafe-3.0.2-cp311-cp311-win_amd64.whl" },
    { url = "https://download.pytorch.org/whl/nightly/MarkupSafe-3.0.2-cp312-cp312-macosx_10_13_universal2.whl" },
    { url = "https://download.pytorch.org/whl/nightly/MarkupSafe-3.0.2-cp312-cp312-macosx_11_0_arm64.whl" },
    { url = "https://download.pytorch.org/whl/nightly/MarkupSafe-3.0.2-cp312-cp312-manylinux_2_17_aarch64.manylinux2014_aarch64.whl" },
    { url = "https://download.pytorch.org/whl/nightly/MarkupSafe-3.0.2-cp312-cp312-manylinux_2_17_x86_64.manylinux2014_x86_64.whl" },
    { url = "https://download.pytorch.org/whl/nightly/MarkupSafe-3.0.2-cp312-cp312-manylinux_2_5_i686.manylinux1_i686.manylinux_2_17_i686.manylinux2014_i686.whl" },
    { url = "https://download.pytorch.org/whl/nightly/MarkupSafe-3.0.2-cp312-cp312-win_amd64.whl" },
    { url = "https://download.pytorch.org/whl/nightly/MarkupSafe-3.0.2-cp313-cp313-macosx_10_13_universal2.whl" },
    { url = "https://download.pytorch.org/whl/nightly/MarkupSafe-3.0.2-cp313-cp313-macosx_11_0_arm64.whl" },
    { url = "https://download.pytorch.org/whl/nightly/MarkupSafe-3.0.2-cp313-cp313-manylinux_2_17_aarch64.manylinux2014_aarch64.whl" },
    { url = "https://download.pytorch.org/whl/nightly/MarkupSafe-3.0.2-cp313-cp313-manylinux_2_17_x86_64.manylinux2014_x86_64.whl" },
    { url = "https://download.pytorch.org/whl/nightly/MarkupSafe-3.0.2-cp313-cp313-manylinux_2_5_i686.manylinux1_i686.manylinux_2_17_i686.manylinux2014_i686.whl" },
    { url = "https://download.pytorch.org/whl/nightly/MarkupSafe-3.0.2-cp313-cp313-win_amd64.whl" },
    { url = "https://download.pytorch.org/whl/nightly/MarkupSafe-3.0.2-cp313-cp313t-macosx_10_13_universal2.whl" },
    { url = "https://download.pytorch.org/whl/nightly/MarkupSafe-3.0.2-cp313-cp313t-macosx_11_0_arm64.whl" },
    { url = "https://download.pytorch.org/whl/nightly/MarkupSafe-3.0.2-cp313-cp313t-manylinux_2_17_aarch64.manylinux2014_aarch64.whl" },
    { url = "https://download.pytorch.org/whl/nightly/MarkupSafe-3.0.2-cp313-cp313t-manylinux_2_17_x86_64.manylinux2014_x86_64.whl" },
    { url = "https://download.pytorch.org/whl/nightly/MarkupSafe-3.0.2-cp313-cp313t-manylinux_2_5_i686.manylinux1_i686.manylinux_2_17_i686.manylinux2014_i686.whl" },
    { url = "https://download.pytorch.org/whl/nightly/MarkupSafe-3.0.2-cp313-cp313t-win_amd64.whl" },
]

[[package]]
name = "mpmath"
version = "1.3.0"
source = { registry = "https://download.pytorch.org/whl/nightly/cu129" }
sdist = { url = "https://files.pythonhosted.org/packages/e0/47/dd32fa426cc72114383ac549964eecb20ecfd886d1e5ccf5340b55b02f57/mpmath-1.3.0.tar.gz", hash = "sha256:7a28eb2a9774d00c7bc92411c19a89209d5da7c4c9a9e227be8330a23a25b91f" }
wheels = [
    { url = "https://files.pythonhosted.org/packages/43/e3/7d92a15f894aa0c9c4b49b8ee9ac9850d6e63b03c9c32c0367a13ae62209/mpmath-1.3.0-py3-none-any.whl", hash = "sha256:a0b2b9fe80bbcd81a6647ff13108738cfb482d481d826cc0e02f5b35e5c88d2c" },
]

[[package]]
name = "networkx"
version = "3.4.2"
source = { registry = "https://download.pytorch.org/whl/nightly/cu129" }
resolution-markers = [
    "python_full_version < '3.11'",
]
sdist = { url = "https://files.pythonhosted.org/packages/fd/1d/06475e1cd5264c0b870ea2cc6fdb3e37177c1e565c43f56ff17a10e3937f/networkx-3.4.2.tar.gz", hash = "sha256:307c3669428c5362aab27c8a1260aa8f47c4e91d3891f48be0141738d8d053e1" }
wheels = [
    { url = "https://files.pythonhosted.org/packages/b9/54/dd730b32ea14ea797530a4479b2ed46a6fb250f682a9cfb997e968bf0261/networkx-3.4.2-py3-none-any.whl", hash = "sha256:df5d4365b724cf81b8c6a7312509d0c22386097011ad1abe274afd5e9d3bbc5f" },
]

[[package]]
name = "networkx"
version = "3.6.1"
source = { registry = "https://download.pytorch.org/whl/nightly/cu129" }
resolution-markers = [
    "python_full_version >= '3.12'",
    "python_full_version == '3.11.*'",
]
sdist = { url = "https://files.pythonhosted.org/packages/6a/51/63fe664f3908c97be9d2e4f1158eb633317598cfa6e1fc14af5383f17512/networkx-3.6.1.tar.gz", hash = "sha256:26b7c357accc0c8cde558ad486283728b65b6a95d85ee1cd66bafab4c8168509" }
wheels = [
    { url = "https://files.pythonhosted.org/packages/9e/c9/b2622292ea83fbb4ec318f5b9ab867d0a28ab43c5717bb85b0a5f6b3b0a4/networkx-3.6.1-py3-none-any.whl", hash = "sha256:d47fbf302e7d9cbbb9e2555a0d267983d2aa476bac30e90dfbe5669bd57f3762" },
]

[[package]]
name = "nvidia-cublas-cu12"
version = "12.9.1.4"
source = { registry = "https://download.pytorch.org/whl/nightly/cu129" }
wheels = [
    { url = "https://pypi.nvidia.com/nvidia-cublas-cu12/nvidia_cublas_cu12-12.9.1.4-py3-none-manylinux_2_27_aarch64.whl", hash = "sha256:7a950dae01add3b415a5a5cdc4ec818fb5858263e9cca59004bb99fdbbd3a5d6" },
    { url = "https://pypi.nvidia.com/nvidia-cublas-cu12/nvidia_cublas_cu12-12.9.1.4-py3-none-manylinux_2_27_x86_64.whl", hash = "sha256:453611eb21a7c1f2c2156ed9f3a45b691deda0440ec550860290dc901af5b4c2" },
]

[[package]]
name = "nvidia-cuda-cupti-cu12"
version = "12.9.79"
source = { registry = "https://download.pytorch.org/whl/nightly/cu129" }
wheels = [
    { url = "https://pypi.nvidia.com/nvidia-cuda-cupti-cu12/nvidia_cuda_cupti_cu12-12.9.79-py3-none-manylinux_2_25_aarch64.whl", hash = "sha256:791853b030602c6a11d08b5578edfb957cadea06e9d3b26adbf8d036135a4afe" },
    { url = "https://pypi.nvidia.com/nvidia-cuda-cupti-cu12/nvidia_cuda_cupti_cu12-12.9.79-py3-none-manylinux_2_25_x86_64.whl", hash = "sha256:096bcf334f13e1984ba36685ad4c1d6347db214de03dbb6eebb237b41d9d934f" },
]

[[package]]
name = "nvidia-cuda-nvrtc-cu12"
version = "12.9.86"
source = { registry = "https://download.pytorch.org/whl/nightly/cu129" }
wheels = [
    { url = "https://pypi.nvidia.com/nvidia-cuda-nvrtc-cu12/nvidia_cuda_nvrtc_cu12-12.9.86-py3-none-manylinux2010_x86_64.manylinux_2_12_x86_64.whl", hash = "sha256:210cf05005a447e29214e9ce50851e83fc5f4358df8b453155d5e1918094dcb4" },
    { url = "https://pypi.nvidia.com/nvidia-cuda-nvrtc-cu12/nvidia_cuda_nvrtc_cu12-12.9.86-py3-none-manylinux2014_aarch64.manylinux_2_17_aarch64.whl", hash = "sha256:096d4de6bda726415dfaf3198d4f5c522b8e70139c97feef5cd2ca6d4cd9cead" },
]

[[package]]
name = "nvidia-cuda-runtime-cu12"
version = "12.9.79"
source = { registry = "https://download.pytorch.org/whl/nightly/cu129" }
wheels = [
    { url = "https://pypi.nvidia.com/nvidia-cuda-runtime-cu12/nvidia_cuda_runtime_cu12-12.9.79-py3-none-manylinux2014_aarch64.manylinux_2_17_aarch64.whl", hash = "sha256:83469a846206f2a733db0c42e223589ab62fd2fabac4432d2f8802de4bded0a4" },
    { url = "https://pypi.nvidia.com/nvidia-cuda-runtime-cu12/nvidia_cuda_runtime_cu12-12.9.79-py3-none-manylinux2014_x86_64.manylinux_2_17_x86_64.whl", hash = "sha256:25bba2dfb01d48a9b59ca474a1ac43c6ebf7011f1b0b8cc44f54eb6ac48a96c3" },
]

[[package]]
name = "nvidia-cudnn-cu12"
version = "9.10.2.21"
source = { registry = "https://download.pytorch.org/whl/nightly/cu129" }
dependencies = [
    { name = "nvidia-cublas-cu12" },
]
wheels = [
    { url = "https://pypi.nvidia.com/nvidia-cudnn-cu12/nvidia_cudnn_cu12-9.10.2.21-py3-none-manylinux_2_27_aarch64.whl", hash = "sha256:c9132cc3f8958447b4910a1720036d9eff5928cc3179b0a51fb6d167c6cc87d8" },
    { url = "https://pypi.nvidia.com/nvidia-cudnn-cu12/nvidia_cudnn_cu12-9.10.2.21-py3-none-manylinux_2_27_x86_64.whl", hash = "sha256:949452be657fa16687d0930933f032835951ef0892b37d2d53824d1a84dc97a8" },
]

[[package]]
name = "nvidia-cufft-cu12"
version = "11.4.1.4"
source = { registry = "https://download.pytorch.org/whl/nightly/cu129" }
dependencies = [
    { name = "nvidia-nvjitlink-cu12" },
]
wheels = [
    { url = "https://pypi.nvidia.com/nvidia-cufft-cu12/nvidia_cufft_cu12-11.4.1.4-py3-none-manylinux2014_aarch64.manylinux_2_17_aarch64.whl", hash = "sha256:1a28c9b12260a1aa7a8fd12f5ebd82d027963d635ba82ff39a1acfa7c4c0fbcf" },
    { url = "https://pypi.nvidia.com/nvidia-cufft-cu12/nvidia_cufft_cu12-11.4.1.4-py3-none-manylinux2014_x86_64.manylinux_2_17_x86_64.whl", hash = "sha256:c67884f2a7d276b4b80eb56a79322a95df592ae5e765cf1243693365ccab4e28" },
]

[[package]]
name = "nvidia-cufile-cu12"
version = "1.14.1.1"
source = { registry = "https://download.pytorch.org/whl/nightly/cu129" }
wheels = [
    { url = "https://pypi.nvidia.com/nvidia-cufile-cu12/nvidia_cufile_cu12-1.14.1.1-py3-none-manylinux2014_x86_64.manylinux_2_17_x86_64.whl", hash = "sha256:9552e2231792e94b1ff17bc99e958cc0e6bbbaa4a9d91fa2dbeed97716628fe6" },
    { url = "https://pypi.nvidia.com/nvidia-cufile-cu12/nvidia_cufile_cu12-1.14.1.1-py3-none-manylinux_2_27_aarch64.whl", hash = "sha256:8dea77590761e02cb6dd955a57cb6414c58aa3cb1b7adbf9919869a11509cf65" },
]

[[package]]
name = "nvidia-curand-cu12"
version = "10.3.10.19"
source = { registry = "https://download.pytorch.org/whl/nightly/cu129" }
wheels = [
    { url = "https://pypi.nvidia.com/nvidia-curand-cu12/nvidia_curand_cu12-10.3.10.19-py3-none-manylinux_2_27_aarch64.whl", hash = "sha256:de663377feb1697e1d30ed587b07d5721fdd6d2015c738d7528a6002a6134d37" },
    { url = "https://pypi.nvidia.com/nvidia-curand-cu12/nvidia_curand_cu12-10.3.10.19-py3-none-manylinux_2_27_x86_64.whl", hash = "sha256:49b274db4780d421bd2ccd362e1415c13887c53c214f0d4b761752b8f9f6aa1e" },
]

[[package]]
name = "nvidia-cusolver-cu12"
version = "11.7.5.82"
source = { registry = "https://download.pytorch.org/whl/nightly/cu129" }
dependencies = [
    { name = "nvidia-cublas-cu12" },
    { name = "nvidia-cusparse-cu12" },
    { name = "nvidia-nvjitlink-cu12" },
]
wheels = [
    { url = "https://pypi.nvidia.com/nvidia-cusolver-cu12/nvidia_cusolver_cu12-11.7.5.82-py3-none-manylinux_2_27_aarch64.whl", hash = "sha256:62efa83e4ace59a4c734d052bb72158e888aa7b770e1a5f601682f16fe5b4fd2" },
    { url = "https://pypi.nvidia.com/nvidia-cusolver-cu12/nvidia_cusolver_cu12-11.7.5.82-py3-none-manylinux_2_27_x86_64.whl", hash = "sha256:15da72d1340d29b5b3cf3fd100e3cd53421dde36002eda6ed93811af63c40d88" },
]

[[package]]
name = "nvidia-cusparse-cu12"
version = "12.5.10.65"
source = { registry = "https://download.pytorch.org/whl/nightly/cu129" }
dependencies = [
    { name = "nvidia-nvjitlink-cu12" },
]
wheels = [
    { url = "https://pypi.nvidia.com/nvidia-cusparse-cu12/nvidia_cusparse_cu12-12.5.10.65-py3-none-manylinux2014_aarch64.manylinux_2_17_aarch64.whl", hash = "sha256:221c73e7482dd93eda44e65ce567c031c07e2f93f6fa0ecd3ba876a195023e83" },
    { url = "https://pypi.nvidia.com/nvidia-cusparse-cu12/nvidia_cusparse_cu12-12.5.10.65-py3-none-manylinux2014_x86_64.manylinux_2_17_x86_64.whl", hash = "sha256:73060ce019ac064a057267c585bf1fd5a353734151f87472ff02b2c5c9984e78" },
]

[[package]]
name = "nvidia-cusparselt-cu12"
version = "0.7.1"
source = { registry = "https://download.pytorch.org/whl/nightly/cu129" }
wheels = [
    { url = "https://pypi.nvidia.com/nvidia-cusparselt-cu12/nvidia_cusparselt_cu12-0.7.1-py3-none-manylinux2014_aarch64.whl", hash = "sha256:8878dce784d0fac90131b6817b607e803c36e629ba34dc5b433471382196b6a5" },
    { url = "https://pypi.nvidia.com/nvidia-cusparselt-cu12/nvidia_cusparselt_cu12-0.7.1-py3-none-manylinux2014_x86_64.whl", hash = "sha256:f1bb701d6b930d5a7cea44c19ceb973311500847f81b634d802b7b539dc55623" },
]

[[package]]
name = "nvidia-nccl-cu12"
version = "2.28.9"
source = { registry = "https://download.pytorch.org/whl/nightly/cu129" }
wheels = [
    { url = "https://pypi.nvidia.com/nvidia-nccl-cu12/nvidia_nccl_cu12-2.28.9-py3-none-manylinux_2_18_aarch64.whl", hash = "sha256:50a36e01c4a090b9f9c47d92cec54964de6b9fcb3362d0e19b8ffc6323c21b60" },
    { url = "https://pypi.nvidia.com/nvidia-nccl-cu12/nvidia_nccl_cu12-2.28.9-py3-none-manylinux_2_18_x86_64.whl", hash = "sha256:485776daa8447da5da39681af455aa3b2c2586ddcf4af8772495e7c532c7e5ab" },
]

[[package]]
name = "nvidia-nvjitlink-cu12"
version = "12.9.86"
source = { registry = "https://download.pytorch.org/whl/nightly/cu129" }
wheels = [
    { url = "https://pypi.nvidia.com/nvidia-nvjitlink-cu12/nvidia_nvjitlink_cu12-12.9.86-py3-none-manylinux2010_x86_64.manylinux_2_12_x86_64.whl", hash = "sha256:e3f1171dbdc83c5932a45f0f4c99180a70de9bd2718c1ab77d14104f6d7147f9" },
    { url = "https://pypi.nvidia.com/nvidia-nvjitlink-cu12/nvidia_nvjitlink_cu12-12.9.86-py3-none-manylinux2014_aarch64.manylinux_2_17_aarch64.whl", hash = "sha256:994a05ef08ef4b0b299829cde613a424382aff7efb08a7172c1fa616cc3af2ca" },
]

[[package]]
name = "nvidia-nvshmem-cu12"
version = "3.4.5"
source = { registry = "https://download.pytorch.org/whl/nightly/cu129" }
wheels = [
    { url = "https://pypi.nvidia.com/nvidia-nvshmem-cu12/nvidia_nvshmem_cu12-3.4.5-py3-none-manylinux2014_aarch64.manylinux_2_17_aarch64.whl", hash = "sha256:0b48363fc6964dede448029434c6abed6c5e37f823cb43c3bcde7ecfc0457e15" },
    { url = "https://pypi.nvidia.com/nvidia-nvshmem-cu12/nvidia_nvshmem_cu12-3.4.5-py3-none-manylinux2014_x86_64.manylinux_2_17_x86_64.whl", hash = "sha256:042f2500f24c021db8a06c5eec2539027d57460e1c1a762055a6554f72c369bd" },
]

[[package]]
name = "nvidia-nvtx-cu12"
version = "12.9.79"
source = { registry = "https://download.pytorch.org/whl/nightly/cu129" }
wheels = [
    { url = "https://pypi.nvidia.com/nvidia-nvtx-cu12/nvidia_nvtx_cu12-12.9.79-py3-none-manylinux1_x86_64.manylinux_2_5_x86_64.whl", hash = "sha256:fec150986817f2b4e7eed72ed059f2dcb9ba3856b9a96134e448eac946a6952f" },
    { url = "https://pypi.nvidia.com/nvidia-nvtx-cu12/nvidia_nvtx_cu12-12.9.79-py3-none-manylinux2014_aarch64.manylinux_2_17_aarch64.whl", hash = "sha256:d1f258e752294acdb4f61c3d31fee87bd0f60e459f1e2f624376369b524cd15d" },
]

[[package]]
name = "ray-nccl-test"
version = "0.1.0"
source = { virtual = "." }
dependencies = [
    { name = "torch" },
]

[package.metadata]
requires-dist = [{ name = "torch" }]

[[package]]
name = "setuptools"
version = "78.1.0"
source = { registry = "https://download.pytorch.org/whl/nightly/cu129" }
sdist = { url = "https://download.pytorch.org/whl/nightly/setuptools-78.1.0.tar.gz" }
wheels = [
    { url = "https://download.pytorch.org/whl/nightly/setuptools-78.1.0-py3-none-any.whl" },
]

[[package]]
name = "sympy"
version = "1.14.0"
source = { registry = "https://download.pytorch.org/whl/nightly/cu129" }
dependencies = [
    { name = "mpmath" },
]
sdist = { url = "https://files.pythonhosted.org/packages/83/d3/803453b36afefb7c2bb238361cd4ae6125a569b4db67cd9e79846ba2d68c/sympy-1.14.0.tar.gz", hash = "sha256:d3d3fe8df1e5a0b42f0e7bdf50541697dbe7d23746e894990c030e2b05e72517" }
wheels = [
    { url = "https://files.pythonhosted.org/packages/a2/09/77d55d46fd61b4a135c444fc97158ef34a095e5681d0a6c10b75bf356191/sympy-1.14.0-py3-none-any.whl", hash = "sha256:e091cc3e99d2141a0ba2847328f5479b05d94a6635cb96148ccb3f34671bd8f5" },
]

[[package]]
name = "torch"
version = "2.11.0.dev20251216+cu129"
source = { registry = "https://download.pytorch.org/whl/nightly/cu129" }
dependencies = [
    { name = "cuda-bindings", marker = "sys_platform == 'linux'" },
    { name = "filelock" },
    { name = "fsspec" },
    { name = "jinja2" },
    { name = "networkx", version = "3.4.2", source = { registry = "https://download.pytorch.org/whl/nightly/cu129" }, marker = "python_full_version < '3.11'" },
    { name = "networkx", version = "3.6.1", source = { registry = "https://download.pytorch.org/whl/nightly/cu129" }, marker = "python_full_version >= '3.11'" },
    { name = "nvidia-cublas-cu12", marker = "sys_platform == 'linux'" },
    { name = "nvidia-cuda-cupti-cu12", marker = "sys_platform == 'linux'" },
    { name = "nvidia-cuda-nvrtc-cu12", marker = "sys_platform == 'linux'" },
    { name = "nvidia-cuda-runtime-cu12", marker = "sys_platform == 'linux'" },
    { name = "nvidia-cudnn-cu12", marker = "sys_platform == 'linux'" },
    { name = "nvidia-cufft-cu12", marker = "sys_platform == 'linux'" },
    { name = "nvidia-cufile-cu12", marker = "sys_platform == 'linux'" },
    { name = "nvidia-curand-cu12", marker = "sys_platform == 'linux'" },
    { name = "nvidia-cusolver-cu12", marker = "sys_platform == 'linux'" },
    { name = "nvidia-cusparse-cu12", marker = "sys_platform == 'linux'" },
    { name = "nvidia-cusparselt-cu12", marker = "sys_platform == 'linux'" },
    { name = "nvidia-nccl-cu12", marker = "sys_platform == 'linux'" },
    { name = "nvidia-nvjitlink-cu12", marker = "sys_platform == 'linux'" },
    { name = "nvidia-nvshmem-cu12", marker = "sys_platform == 'linux'" },
    { name = "nvidia-nvtx-cu12", marker = "sys_platform == 'linux'" },
    { name = "setuptools", marker = "python_full_version >= '3.12'" },
    { name = "sympy" },
    { name = "triton", marker = "sys_platform == 'linux'" },
    { name = "typing-extensions" },
]
wheels = [
    { url = "https://download.pytorch.org/whl/nightly/cu129/torch-2.11.0.dev20251216%2Bcu129-cp310-cp310-manylinux_2_28_aarch64.whl" },
    { url = "https://download.pytorch.org/whl/nightly/cu129/torch-2.11.0.dev20251216%2Bcu129-cp310-cp310-manylinux_2_28_x86_64.whl" },
    { url = "https://download.pytorch.org/whl/nightly/cu129/torch-2.11.0.dev20251216%2Bcu129-cp311-cp311-manylinux_2_28_aarch64.whl" },
    { url = "https://download.pytorch.org/whl/nightly/cu129/torch-2.11.0.dev20251216%2Bcu129-cp311-cp311-manylinux_2_28_x86_64.whl" },
    { url = "https://download.pytorch.org/whl/nightly/cu129/torch-2.11.0.dev20251216%2Bcu129-cp312-cp312-manylinux_2_28_aarch64.whl" },
    { url = "https://download.pytorch.org/whl/nightly/cu129/torch-2.11.0.dev20251216%2Bcu129-cp312-cp312-manylinux_2_28_x86_64.whl" },
    { url = "https://download.pytorch.org/whl/nightly/cu129/torch-2.11.0.dev20251216%2Bcu129-cp313-cp313-manylinux_2_28_aarch64.whl" },
    { url = "https://download.pytorch.org/whl/nightly/cu129/torch-2.11.0.dev20251216%2Bcu129-cp313-cp313-manylinux_2_28_x86_64.whl" },
    { url = "https://download.pytorch.org/whl/nightly/cu129/torch-2.11.0.dev20251216%2Bcu129-cp313-cp313t-manylinux_2_28_aarch64.whl" },
    { url = "https://download.pytorch.org/whl/nightly/cu129/torch-2.11.0.dev20251216%2Bcu129-cp313-cp313t-manylinux_2_28_x86_64.whl" },
    { url = "https://download.pytorch.org/whl/nightly/cu129/torch-2.11.0.dev20251216%2Bcu129-cp314-cp314-manylinux_2_28_aarch64.whl" },
    { url = "https://download.pytorch.org/whl/nightly/cu129/torch-2.11.0.dev20251216%2Bcu129-cp314-cp314-manylinux_2_28_x86_64.whl" },
    { url = "https://download.pytorch.org/whl/nightly/cu129/torch-2.11.0.dev20251216%2Bcu129-cp314-cp314t-manylinux_2_28_aarch64.whl" },
    { url = "https://download.pytorch.org/whl/nightly/cu129/torch-2.11.0.dev20251216%2Bcu129-cp314-cp314t-manylinux_2_28_x86_64.whl" },
]

[[package]]
name = "triton"
version = "3.6.0+git8fedd49b"
source = { registry = "https://download.pytorch.org/whl/nightly/cu129" }
wheels = [
    { url = "https://download.pytorch.org/whl/nightly/triton-3.6.0%2Bgit8fedd49b-cp310-cp310-linux_aarch64.whl" },
    { url = "https://download.pytorch.org/whl/nightly/triton-3.6.0%2Bgit8fedd49b-cp310-cp310-manylinux_2_27_x86_64.manylinux_2_28_x86_64.whl" },
    { url = "https://download.pytorch.org/whl/nightly/triton-3.6.0%2Bgit8fedd49b-cp311-cp311-linux_aarch64.whl" },
    { url = "https://download.pytorch.org/whl/nightly/triton-3.6.0%2Bgit8fedd49b-cp311-cp311-manylinux_2_27_x86_64.manylinux_2_28_x86_64.whl" },
    { url = "https://download.pytorch.org/whl/nightly/triton-3.6.0%2Bgit8fedd49b-cp312-cp312-linux_aarch64.whl" },
    { url = "https://download.pytorch.org/whl/nightly/triton-3.6.0%2Bgit8fedd49b-cp312-cp312-manylinux_2_27_x86_64.manylinux_2_28_x86_64.whl" },
    { url = "https://download.pytorch.org/whl/nightly/triton-3.6.0%2Bgit8fedd49b-cp313-cp313-linux_aarch64.whl" },
    { url = "https://download.pytorch.org/whl/nightly/triton-3.6.0%2Bgit8fedd49b-cp313-cp313-manylinux_2_27_x86_64.manylinux_2_28_x86_64.whl" },
    { url = "https://download.pytorch.org/whl/nightly/triton-3.6.0%2Bgit8fedd49b-cp313-cp313t-linux_aarch64.whl" },
    { url = "https://download.pytorch.org/whl/nightly/triton-3.6.0%2Bgit8fedd49b-cp313-cp313t-manylinux_2_27_x86_64.manylinux_2_28_x86_64.whl" },
    { url = "https://download.pytorch.org/whl/nightly/triton-3.6.0%2Bgit8fedd49b-cp314-cp314-linux_aarch64.whl" },
    { url = "https://download.pytorch.org/whl/nightly/triton-3.6.0%2Bgit8fedd49b-cp314-cp314-manylinux_2_27_x86_64.manylinux_2_28_x86_64.whl" },
    { url = "https://download.pytorch.org/whl/nightly/triton-3.6.0%2Bgit8fedd49b-cp314-cp314t-linux_aarch64.whl" },
    { url = "https://download.pytorch.org/whl/nightly/triton-3.6.0%2Bgit8fedd49b-cp314-cp314t-manylinux_2_27_x86_64.manylinux_2_28_x86_64.whl" },
]

[[package]]
name = "typing-extensions"
version = "4.15.0"
source = { registry = "https://download.pytorch.org/whl/nightly/cu129" }
wheels = [
    { url = "https://download.pytorch.org/whl/nightly/typing_extensions-4.15.0-py3-none-any.whl" },
]
